
Microsoft Visual Studio Solution File, Format Version 12.00
# Visual Studio Version 16
VisualStudioVersion = 16.0.32106.194
MinimumVisualStudioVersion = 10.0.40219.1
Project("{FAE04EC0-301F-11D3-BF4B-00C04F79EFBC}") = "ConsoleApp", "ConsoleApp\ConsoleApp.csproj", "{81354EE8-9774-4B62-8C5B-DD1F00FD212E}"
EndProject
Project("{FAE04EC0-301F-11D3-BF4B-00C04F79EFBC}") = "Modelo", "Modelo\Modelo.csproj", "{ED343E2B-8EC7-43D7-9886-BF620FFCE1F0}"
EndProject
Project("{FAE04EC0-301F-11D3-BF4B-00C04F79EFBC}") = "ModeloDB", "ModeloDB\ModeloDB.csproj", "{24F4977A-1C2B-40EB-8633-564BCE95C00F}"
EndProject
Global
	GlobalSection(SolutionConfigurationPlatforms) = preSolution
		Debug|Any CPU = Debug|Any CPU
		Release|Any CPU = Release|Any CPU
	EndGlobalSection
	GlobalSection(ProjectConfigurationPlatforms) = postSolution
		{81354EE8-9774-4B62-8C5B-DD1F00FD212E}.Debug|Any CPU.ActiveCfg = Debug|Any CPU
		{81354EE8-9774-4B62-8C5B-DD1F00FD212E}.Debug|Any CPU.Build.0 = Debug|Any CPU
		{81354EE8-9774-4B62-8C5B-DD1F00FD212E}.Release|Any CPU.ActiveCfg = Release|Any CPU
		{81354EE8-9774-4B62-8C5B-DD1F00FD212E}.Release|Any CPU.Build.0 = Release|Any CPU
		{ED343E2B-8EC7-43D7-9886-BF620FFCE1F0}.Debug|Any CPU.ActiveCfg = Debug|Any CPU
		{ED343E2B-8EC7-43D7-9886-BF620FFCE1F0}.Debug|Any CPU.Build.0 = Debug|Any CPU
		{ED343E2B-8EC7-43D7-9886-BF620FFCE1F0}.Release|Any CPU.ActiveCfg = Release|Any CPU
		{ED343E2B-8EC7-43D7-9886-BF620FFCE1F0}.Release|Any CPU.Build.0 = Release|Any CPU
		{24F4977A-1C2B-40EB-8633-564BCE95C00F}.Debug|Any CPU.ActiveCfg = Debug|Any CPU
		{24F4977A-1C2B-40EB-8633-564BCE95C00F}.Debug|Any CPU.Build.0 = Debug|Any CPU
		{24F4977A-1C2B-40EB-8633-564BCE95C00F}.Release|Any CPU.ActiveCfg = Release|Any CPU
		{24F4977A-1C2B-40EB-8633-564BCE95C00F}.Release|Any CPU.Build.0 = Release|Any CPU
	EndGlobalSection
	GlobalSection(SolutionProperties) = preSolution
		HideSolutionNode = FALSE
	EndGlobalSection
	GlobalSection(ExtensibilityGlobals) = postSolution
		SolutionGuid = {302D9726-DDD8-438F-A87E-AD6B4BAE22B3}
	EndGlobalSection
EndGlobal
